
Microsoft Visual Studio Solution File, Format Version 12.00
# Visual Studio Version 16
VisualStudioVersion = 16.0.30114.105
MinimumVisualStudioVersion = 10.0.40219.1
Project("{2150E333-8FDC-42A3-9474-1A3956D46DE8}") = "src", "src", "{BAF11475-4CB1-4F5A-8E28-200BA0A4E726}"
EndProject
Project("{FAE04EC0-301F-11D3-BF4B-00C04F79EFBC}") = "fabiostefani.io.Clientes", "src\fabiostefani.io.Clientes\fabiostefani.io.Clientes.csproj", "{6B5D9420-6275-42CD-B536-3B813F4439BA}"
EndProject
Project("{2150E333-8FDC-42A3-9474-1A3956D46DE8}") = "tests", "tests", "{3DC96BF7-D618-4446-8CA0-B3A47EFCABF0}"
EndProject
Project("{FAE04EC0-301F-11D3-BF4B-00C04F79EFBC}") = "fabiostefani.io.ClienteTests", "tests\fabiostefani.io.ClienteTests\fabiostefani.io.ClienteTests.csproj", "{5F02C765-7003-4090-8595-F4EB24FD479D}"
EndProject
Project("{FAE04EC0-301F-11D3-BF4B-00C04F79EFBC}") = "fabiostefani.io.Vendas.Application", "src\fabiostefani.io.Vendas.Application\fabiostefani.io.Vendas.Application.csproj", "{256AE826-D8C7-4B87-959C-DAC906C339EC}"
EndProject
Project("{FAE04EC0-301F-11D3-BF4B-00C04F79EFBC}") = "fabiostefani.io.Vendas.Data", "src\fabiostefani.io.Vendas.Data\fabiostefani.io.Vendas.Data.csproj", "{BAFC085E-C898-486D-8A86-C58F424047FE}"
EndProject
Project("{FAE04EC0-301F-11D3-BF4B-00C04F79EFBC}") = "fabiostefani.io.Vendas.Domain", "src\fabiostefani.io.Vendas.Domain\fabiostefani.io.Vendas.Domain.csproj", "{4B33AA82-6FF5-4174-8D30-400726C70171}"
EndProject
Project("{FAE04EC0-301F-11D3-BF4B-00C04F79EFBC}") = "fabiostefani.io.Vendas.Application.Tests", "tests\fabiostefani.io.Vendas.Application.Tests\fabiostefani.io.Vendas.Application.Tests.csproj", "{0AF26AC7-5FAD-4DB0-94B5-1D5AE817173C}"
EndProject
Project("{FAE04EC0-301F-11D3-BF4B-00C04F79EFBC}") = "fabiostefani.io.Vendas.Domain.Tests", "tests\fabiostefani.io.Vendas.Domain.Tests\fabiostefani.io.Vendas.Domain.Tests.csproj", "{C9A29A9E-EBDE-4B04-B1B1-D9057F923636}"
EndProject
Project("{FAE04EC0-301F-11D3-BF4B-00C04F79EFBC}") = "fabiostefani.io.Core", "src\fabiostefani.io.Core\fabiostefani.io.Core.csproj", "{21EAF2B7-9ECB-4A0B-ABB1-88C0A5AF3240}"
EndProject
Project("{FAE04EC0-301F-11D3-BF4B-00C04F79EFBC}") = "fabiostefani.io.Catalogo.Application", "src\fabiostefani.io.Catalogo.Application\fabiostefani.io.Catalogo.Application.csproj", "{A6749B84-A7D2-4853-88F0-C047DC57CA13}"
EndProject
Project("{FAE04EC0-301F-11D3-BF4B-00C04F79EFBC}") = "fabiostefani.io.Catalogo.Data", "src\fabiostefani.io.Catalogo.Data\fabiostefani.io.Catalogo.Data.csproj", "{F32D0E67-E954-44BD-9C95-E5F1E41FE0B5}"
EndProject
Project("{FAE04EC0-301F-11D3-BF4B-00C04F79EFBC}") = "fabiostefani.io.Catalogo.Domain", "src\fabiostefani.io.Catalogo.Domain\fabiostefani.io.Catalogo.Domain.csproj", "{87D69019-F7F1-47F5-9981-8A9AFC83CD3B}"
EndProject
Global
	GlobalSection(SolutionConfigurationPlatforms) = preSolution
		Debug|Any CPU = Debug|Any CPU
		Debug|x64 = Debug|x64
		Debug|x86 = Debug|x86
		Release|Any CPU = Release|Any CPU
		Release|x64 = Release|x64
		Release|x86 = Release|x86
	EndGlobalSection
	GlobalSection(SolutionProperties) = preSolution
		HideSolutionNode = FALSE
	EndGlobalSection
	GlobalSection(ProjectConfigurationPlatforms) = postSolution
		{6B5D9420-6275-42CD-B536-3B813F4439BA}.Debug|Any CPU.ActiveCfg = Debug|Any CPU
		{6B5D9420-6275-42CD-B536-3B813F4439BA}.Debug|Any CPU.Build.0 = Debug|Any CPU
		{6B5D9420-6275-42CD-B536-3B813F4439BA}.Debug|x64.ActiveCfg = Debug|Any CPU
		{6B5D9420-6275-42CD-B536-3B813F4439BA}.Debug|x64.Build.0 = Debug|Any CPU
		{6B5D9420-6275-42CD-B536-3B813F4439BA}.Debug|x86.ActiveCfg = Debug|Any CPU
		{6B5D9420-6275-42CD-B536-3B813F4439BA}.Debug|x86.Build.0 = Debug|Any CPU
		{6B5D9420-6275-42CD-B536-3B813F4439BA}.Release|Any CPU.ActiveCfg = Release|Any CPU
		{6B5D9420-6275-42CD-B536-3B813F4439BA}.Release|Any CPU.Build.0 = Release|Any CPU
		{6B5D9420-6275-42CD-B536-3B813F4439BA}.Release|x64.ActiveCfg = Release|Any CPU
		{6B5D9420-6275-42CD-B536-3B813F4439BA}.Release|x64.Build.0 = Release|Any CPU
		{6B5D9420-6275-42CD-B536-3B813F4439BA}.Release|x86.ActiveCfg = Release|Any CPU
		{6B5D9420-6275-42CD-B536-3B813F4439BA}.Release|x86.Build.0 = Release|Any CPU
		{5F02C765-7003-4090-8595-F4EB24FD479D}.Debug|Any CPU.ActiveCfg = Debug|Any CPU
		{5F02C765-7003-4090-8595-F4EB24FD479D}.Debug|Any CPU.Build.0 = Debug|Any CPU
		{5F02C765-7003-4090-8595-F4EB24FD479D}.Debug|x64.ActiveCfg = Debug|Any CPU
		{5F02C765-7003-4090-8595-F4EB24FD479D}.Debug|x64.Build.0 = Debug|Any CPU
		{5F02C765-7003-4090-8595-F4EB24FD479D}.Debug|x86.ActiveCfg = Debug|Any CPU
		{5F02C765-7003-4090-8595-F4EB24FD479D}.Debug|x86.Build.0 = Debug|Any CPU
		{5F02C765-7003-4090-8595-F4EB24FD479D}.Release|Any CPU.ActiveCfg = Release|Any CPU
		{5F02C765-7003-4090-8595-F4EB24FD479D}.Release|Any CPU.Build.0 = Release|Any CPU
		{5F02C765-7003-4090-8595-F4EB24FD479D}.Release|x64.ActiveCfg = Release|Any CPU
		{5F02C765-7003-4090-8595-F4EB24FD479D}.Release|x64.Build.0 = Release|Any CPU
		{5F02C765-7003-4090-8595-F4EB24FD479D}.Release|x86.ActiveCfg = Release|Any CPU
		{5F02C765-7003-4090-8595-F4EB24FD479D}.Release|x86.Build.0 = Release|Any CPU
		{256AE826-D8C7-4B87-959C-DAC906C339EC}.Debug|Any CPU.ActiveCfg = Debug|Any CPU
		{256AE826-D8C7-4B87-959C-DAC906C339EC}.Debug|Any CPU.Build.0 = Debug|Any CPU
		{256AE826-D8C7-4B87-959C-DAC906C339EC}.Debug|x64.ActiveCfg = Debug|Any CPU
		{256AE826-D8C7-4B87-959C-DAC906C339EC}.Debug|x64.Build.0 = Debug|Any CPU
		{256AE826-D8C7-4B87-959C-DAC906C339EC}.Debug|x86.ActiveCfg = Debug|Any CPU
		{256AE826-D8C7-4B87-959C-DAC906C339EC}.Debug|x86.Build.0 = Debug|Any CPU
		{256AE826-D8C7-4B87-959C-DAC906C339EC}.Release|Any CPU.ActiveCfg = Release|Any CPU
		{256AE826-D8C7-4B87-959C-DAC906C339EC}.Release|Any CPU.Build.0 = Release|Any CPU
		{256AE826-D8C7-4B87-959C-DAC906C339EC}.Release|x64.ActiveCfg = Release|Any CPU
		{256AE826-D8C7-4B87-959C-DAC906C339EC}.Release|x64.Build.0 = Release|Any CPU
		{256AE826-D8C7-4B87-959C-DAC906C339EC}.Release|x86.ActiveCfg = Release|Any CPU
		{256AE826-D8C7-4B87-959C-DAC906C339EC}.Release|x86.Build.0 = Release|Any CPU
		{BAFC085E-C898-486D-8A86-C58F424047FE}.Debug|Any CPU.ActiveCfg = Debug|Any CPU
		{BAFC085E-C898-486D-8A86-C58F424047FE}.Debug|Any CPU.Build.0 = Debug|Any CPU
		{BAFC085E-C898-486D-8A86-C58F424047FE}.Debug|x64.ActiveCfg = Debug|Any CPU
		{BAFC085E-C898-486D-8A86-C58F424047FE}.Debug|x64.Build.0 = Debug|Any CPU
		{BAFC085E-C898-486D-8A86-C58F424047FE}.Debug|x86.ActiveCfg = Debug|Any CPU
		{BAFC085E-C898-486D-8A86-C58F424047FE}.Debug|x86.Build.0 = Debug|Any CPU
		{BAFC085E-C898-486D-8A86-C58F424047FE}.Release|Any CPU.ActiveCfg = Release|Any CPU
		{BAFC085E-C898-486D-8A86-C58F424047FE}.Release|Any CPU.Build.0 = Release|Any CPU
		{BAFC085E-C898-486D-8A86-C58F424047FE}.Release|x64.ActiveCfg = Release|Any CPU
		{BAFC085E-C898-486D-8A86-C58F424047FE}.Release|x64.Build.0 = Release|Any CPU
		{BAFC085E-C898-486D-8A86-C58F424047FE}.Release|x86.ActiveCfg = Release|Any CPU
		{BAFC085E-C898-486D-8A86-C58F424047FE}.Release|x86.Build.0 = Release|Any CPU
		{4B33AA82-6FF5-4174-8D30-400726C70171}.Debug|Any CPU.ActiveCfg = Debug|Any CPU
		{4B33AA82-6FF5-4174-8D30-400726C70171}.Debug|Any CPU.Build.0 = Debug|Any CPU
		{4B33AA82-6FF5-4174-8D30-400726C70171}.Debug|x64.ActiveCfg = Debug|Any CPU
		{4B33AA82-6FF5-4174-8D30-400726C70171}.Debug|x64.Build.0 = Debug|Any CPU
		{4B33AA82-6FF5-4174-8D30-400726C70171}.Debug|x86.ActiveCfg = Debug|Any CPU
		{4B33AA82-6FF5-4174-8D30-400726C70171}.Debug|x86.Build.0 = Debug|Any CPU
		{4B33AA82-6FF5-4174-8D30-400726C70171}.Release|Any CPU.ActiveCfg = Release|Any CPU
		{4B33AA82-6FF5-4174-8D30-400726C70171}.Release|Any CPU.Build.0 = Release|Any CPU
		{4B33AA82-6FF5-4174-8D30-400726C70171}.Release|x64.ActiveCfg = Release|Any CPU
		{4B33AA82-6FF5-4174-8D30-400726C70171}.Release|x64.Build.0 = Release|Any CPU
		{4B33AA82-6FF5-4174-8D30-400726C70171}.Release|x86.ActiveCfg = Release|Any CPU
		{4B33AA82-6FF5-4174-8D30-400726C70171}.Release|x86.Build.0 = Release|Any CPU
		{0AF26AC7-5FAD-4DB0-94B5-1D5AE817173C}.Debug|Any CPU.ActiveCfg = Debug|Any CPU
		{0AF26AC7-5FAD-4DB0-94B5-1D5AE817173C}.Debug|Any CPU.Build.0 = Debug|Any CPU
		{0AF26AC7-5FAD-4DB0-94B5-1D5AE817173C}.Debug|x64.ActiveCfg = Debug|Any CPU
		{0AF26AC7-5FAD-4DB0-94B5-1D5AE817173C}.Debug|x64.Build.0 = Debug|Any CPU
		{0AF26AC7-5FAD-4DB0-94B5-1D5AE817173C}.Debug|x86.ActiveCfg = Debug|Any CPU
		{0AF26AC7-5FAD-4DB0-94B5-1D5AE817173C}.Debug|x86.Build.0 = Debug|Any CPU
		{0AF26AC7-5FAD-4DB0-94B5-1D5AE817173C}.Release|Any CPU.ActiveCfg = Release|Any CPU
		{0AF26AC7-5FAD-4DB0-94B5-1D5AE817173C}.Release|Any CPU.Build.0 = Release|Any CPU
		{0AF26AC7-5FAD-4DB0-94B5-1D5AE817173C}.Release|x64.ActiveCfg = Release|Any CPU
		{0AF26AC7-5FAD-4DB0-94B5-1D5AE817173C}.Release|x64.Build.0 = Release|Any CPU
		{0AF26AC7-5FAD-4DB0-94B5-1D5AE817173C}.Release|x86.ActiveCfg = Release|Any CPU
		{0AF26AC7-5FAD-4DB0-94B5-1D5AE817173C}.Release|x86.Build.0 = Release|Any CPU
		{C9A29A9E-EBDE-4B04-B1B1-D9057F923636}.Debug|Any CPU.ActiveCfg = Debug|Any CPU
		{C9A29A9E-EBDE-4B04-B1B1-D9057F923636}.Debug|Any CPU.Build.0 = Debug|Any CPU
		{C9A29A9E-EBDE-4B04-B1B1-D9057F923636}.Debug|x64.ActiveCfg = Debug|Any CPU
		{C9A29A9E-EBDE-4B04-B1B1-D9057F923636}.Debug|x64.Build.0 = Debug|Any CPU
		{C9A29A9E-EBDE-4B04-B1B1-D9057F923636}.Debug|x86.ActiveCfg = Debug|Any CPU
		{C9A29A9E-EBDE-4B04-B1B1-D9057F923636}.Debug|x86.Build.0 = Debug|Any CPU
		{C9A29A9E-EBDE-4B04-B1B1-D9057F923636}.Release|Any CPU.ActiveCfg = Release|Any CPU
		{C9A29A9E-EBDE-4B04-B1B1-D9057F923636}.Release|Any CPU.Build.0 = Release|Any CPU
		{C9A29A9E-EBDE-4B04-B1B1-D9057F923636}.Release|x64.ActiveCfg = Release|Any CPU
		{C9A29A9E-EBDE-4B04-B1B1-D9057F923636}.Release|x64.Build.0 = Release|Any CPU
		{C9A29A9E-EBDE-4B04-B1B1-D9057F923636}.Release|x86.ActiveCfg = Release|Any CPU
		{C9A29A9E-EBDE-4B04-B1B1-D9057F923636}.Release|x86.Build.0 = Release|Any CPU
		{21EAF2B7-9ECB-4A0B-ABB1-88C0A5AF3240}.Debug|Any CPU.ActiveCfg = Debug|Any CPU
		{21EAF2B7-9ECB-4A0B-ABB1-88C0A5AF3240}.Debug|Any CPU.Build.0 = Debug|Any CPU
		{21EAF2B7-9ECB-4A0B-ABB1-88C0A5AF3240}.Debug|x64.ActiveCfg = Debug|Any CPU
		{21EAF2B7-9ECB-4A0B-ABB1-88C0A5AF3240}.Debug|x64.Build.0 = Debug|Any CPU
		{21EAF2B7-9ECB-4A0B-ABB1-88C0A5AF3240}.Debug|x86.ActiveCfg = Debug|Any CPU
		{21EAF2B7-9ECB-4A0B-ABB1-88C0A5AF3240}.Debug|x86.Build.0 = Debug|Any CPU
		{21EAF2B7-9ECB-4A0B-ABB1-88C0A5AF3240}.Release|Any CPU.ActiveCfg = Release|Any CPU
		{21EAF2B7-9ECB-4A0B-ABB1-88C0A5AF3240}.Release|Any CPU.Build.0 = Release|Any CPU
		{21EAF2B7-9ECB-4A0B-ABB1-88C0A5AF3240}.Release|x64.ActiveCfg = Release|Any CPU
		{21EAF2B7-9ECB-4A0B-ABB1-88C0A5AF3240}.Release|x64.Build.0 = Release|Any CPU
		{21EAF2B7-9ECB-4A0B-ABB1-88C0A5AF3240}.Release|x86.ActiveCfg = Release|Any CPU
		{21EAF2B7-9ECB-4A0B-ABB1-88C0A5AF3240}.Release|x86.Build.0 = Release|Any CPU
		{A6749B84-A7D2-4853-88F0-C047DC57CA13}.Debug|Any CPU.ActiveCfg = Debug|Any CPU
		{A6749B84-A7D2-4853-88F0-C047DC57CA13}.Debug|Any CPU.Build.0 = Debug|Any CPU
		{A6749B84-A7D2-4853-88F0-C047DC57CA13}.Debug|x64.ActiveCfg = Debug|Any CPU
		{A6749B84-A7D2-4853-88F0-C047DC57CA13}.Debug|x64.Build.0 = Debug|Any CPU
		{A6749B84-A7D2-4853-88F0-C047DC57CA13}.Debug|x86.ActiveCfg = Debug|Any CPU
		{A6749B84-A7D2-4853-88F0-C047DC57CA13}.Debug|x86.Build.0 = Debug|Any CPU
		{A6749B84-A7D2-4853-88F0-C047DC57CA13}.Release|Any CPU.ActiveCfg = Release|Any CPU
		{A6749B84-A7D2-4853-88F0-C047DC57CA13}.Release|Any CPU.Build.0 = Release|Any CPU
		{A6749B84-A7D2-4853-88F0-C047DC57CA13}.Release|x64.ActiveCfg = Release|Any CPU
		{A6749B84-A7D2-4853-88F0-C047DC57CA13}.Release|x64.Build.0 = Release|Any CPU
		{A6749B84-A7D2-4853-88F0-C047DC57CA13}.Release|x86.ActiveCfg = Release|Any CPU
		{A6749B84-A7D2-4853-88F0-C047DC57CA13}.Release|x86.Build.0 = Release|Any CPU
		{F32D0E67-E954-44BD-9C95-E5F1E41FE0B5}.Debug|Any CPU.ActiveCfg = Debug|Any CPU
		{F32D0E67-E954-44BD-9C95-E5F1E41FE0B5}.Debug|Any CPU.Build.0 = Debug|Any CPU
		{F32D0E67-E954-44BD-9C95-E5F1E41FE0B5}.Debug|x64.ActiveCfg = Debug|Any CPU
		{F32D0E67-E954-44BD-9C95-E5F1E41FE0B5}.Debug|x64.Build.0 = Debug|Any CPU
		{F32D0E67-E954-44BD-9C95-E5F1E41FE0B5}.Debug|x86.ActiveCfg = Debug|Any CPU
		{F32D0E67-E954-44BD-9C95-E5F1E41FE0B5}.Debug|x86.Build.0 = Debug|Any CPU
		{F32D0E67-E954-44BD-9C95-E5F1E41FE0B5}.Release|Any CPU.ActiveCfg = Release|Any CPU
		{F32D0E67-E954-44BD-9C95-E5F1E41FE0B5}.Release|Any CPU.Build.0 = Release|Any CPU
		{F32D0E67-E954-44BD-9C95-E5F1E41FE0B5}.Release|x64.ActiveCfg = Release|Any CPU
		{F32D0E67-E954-44BD-9C95-E5F1E41FE0B5}.Release|x64.Build.0 = Release|Any CPU
		{F32D0E67-E954-44BD-9C95-E5F1E41FE0B5}.Release|x86.ActiveCfg = Release|Any CPU
		{F32D0E67-E954-44BD-9C95-E5F1E41FE0B5}.Release|x86.Build.0 = Release|Any CPU
		{87D69019-F7F1-47F5-9981-8A9AFC83CD3B}.Debug|Any CPU.ActiveCfg = Debug|Any CPU
		{87D69019-F7F1-47F5-9981-8A9AFC83CD3B}.Debug|Any CPU.Build.0 = Debug|Any CPU
		{87D69019-F7F1-47F5-9981-8A9AFC83CD3B}.Debug|x64.ActiveCfg = Debug|Any CPU
		{87D69019-F7F1-47F5-9981-8A9AFC83CD3B}.Debug|x64.Build.0 = Debug|Any CPU
		{87D69019-F7F1-47F5-9981-8A9AFC83CD3B}.Debug|x86.ActiveCfg = Debug|Any CPU
		{87D69019-F7F1-47F5-9981-8A9AFC83CD3B}.Debug|x86.Build.0 = Debug|Any CPU
		{87D69019-F7F1-47F5-9981-8A9AFC83CD3B}.Release|Any CPU.ActiveCfg = Release|Any CPU
		{87D69019-F7F1-47F5-9981-8A9AFC83CD3B}.Release|Any CPU.Build.0 = Release|Any CPU
		{87D69019-F7F1-47F5-9981-8A9AFC83CD3B}.Release|x64.ActiveCfg = Release|Any CPU
		{87D69019-F7F1-47F5-9981-8A9AFC83CD3B}.Release|x64.Build.0 = Release|Any CPU
		{87D69019-F7F1-47F5-9981-8A9AFC83CD3B}.Release|x86.ActiveCfg = Release|Any CPU
		{87D69019-F7F1-47F5-9981-8A9AFC83CD3B}.Release|x86.Build.0 = Release|Any CPU
	EndGlobalSection
	GlobalSection(NestedProjects) = preSolution
		{6B5D9420-6275-42CD-B536-3B813F4439BA} = {BAF11475-4CB1-4F5A-8E28-200BA0A4E726}
		{5F02C765-7003-4090-8595-F4EB24FD479D} = {3DC96BF7-D618-4446-8CA0-B3A47EFCABF0}
		{256AE826-D8C7-4B87-959C-DAC906C339EC} = {BAF11475-4CB1-4F5A-8E28-200BA0A4E726}
		{BAFC085E-C898-486D-8A86-C58F424047FE} = {BAF11475-4CB1-4F5A-8E28-200BA0A4E726}
		{4B33AA82-6FF5-4174-8D30-400726C70171} = {BAF11475-4CB1-4F5A-8E28-200BA0A4E726}
		{0AF26AC7-5FAD-4DB0-94B5-1D5AE817173C} = {3DC96BF7-D618-4446-8CA0-B3A47EFCABF0}
		{C9A29A9E-EBDE-4B04-B1B1-D9057F923636} = {3DC96BF7-D618-4446-8CA0-B3A47EFCABF0}
		{21EAF2B7-9ECB-4A0B-ABB1-88C0A5AF3240} = {BAF11475-4CB1-4F5A-8E28-200BA0A4E726}
		{A6749B84-A7D2-4853-88F0-C047DC57CA13} = {BAF11475-4CB1-4F5A-8E28-200BA0A4E726}
		{F32D0E67-E954-44BD-9C95-E5F1E41FE0B5} = {BAF11475-4CB1-4F5A-8E28-200BA0A4E726}
		{87D69019-F7F1-47F5-9981-8A9AFC83CD3B} = {BAF11475-4CB1-4F5A-8E28-200BA0A4E726}
	EndGlobalSection
EndGlobal
