
Microsoft Visual Studio Solution File, Format Version 12.00
# Visual Studio Version 16
VisualStudioVersion = 16.0.30114.105
MinimumVisualStudioVersion = 10.0.40219.1
Project("{2150E333-8FDC-42A3-9474-1A3956D46DE8}") = "src", "src", "{BAF11475-4CB1-4F5A-8E28-200BA0A4E726}"
EndProject
Project("{FAE04EC0-301F-11D3-BF4B-00C04F79EFBC}") = "fabiostefani.io.Clientes", "src\fabiostefani.io.Clientes\fabiostefani.io.Clientes.csproj", "{6B5D9420-6275-42CD-B536-3B813F4439BA}"
EndProject
Project("{2150E333-8FDC-42A3-9474-1A3956D46DE8}") = "tests", "tests", "{3DC96BF7-D618-4446-8CA0-B3A47EFCABF0}"
EndProject
Project("{FAE04EC0-301F-11D3-BF4B-00C04F79EFBC}") = "fabiostefani.io.ClienteTests", "tests\fabiostefani.io.ClienteTests\fabiostefani.io.ClienteTests.csproj", "{5F02C765-7003-4090-8595-F4EB24FD479D}"
EndProject
Global
	GlobalSection(SolutionConfigurationPlatforms) = preSolution
		Debug|Any CPU = Debug|Any CPU
		Debug|x64 = Debug|x64
		Debug|x86 = Debug|x86
		Release|Any CPU = Release|Any CPU
		Release|x64 = Release|x64
		Release|x86 = Release|x86
	EndGlobalSection
	GlobalSection(SolutionProperties) = preSolution
		HideSolutionNode = FALSE
	EndGlobalSection
	GlobalSection(ProjectConfigurationPlatforms) = postSolution
		{6B5D9420-6275-42CD-B536-3B813F4439BA}.Debug|Any CPU.ActiveCfg = Debug|Any CPU
		{6B5D9420-6275-42CD-B536-3B813F4439BA}.Debug|Any CPU.Build.0 = Debug|Any CPU
		{6B5D9420-6275-42CD-B536-3B813F4439BA}.Debug|x64.ActiveCfg = Debug|Any CPU
		{6B5D9420-6275-42CD-B536-3B813F4439BA}.Debug|x64.Build.0 = Debug|Any CPU
		{6B5D9420-6275-42CD-B536-3B813F4439BA}.Debug|x86.ActiveCfg = Debug|Any CPU
		{6B5D9420-6275-42CD-B536-3B813F4439BA}.Debug|x86.Build.0 = Debug|Any CPU
		{6B5D9420-6275-42CD-B536-3B813F4439BA}.Release|Any CPU.ActiveCfg = Release|Any CPU
		{6B5D9420-6275-42CD-B536-3B813F4439BA}.Release|Any CPU.Build.0 = Release|Any CPU
		{6B5D9420-6275-42CD-B536-3B813F4439BA}.Release|x64.ActiveCfg = Release|Any CPU
		{6B5D9420-6275-42CD-B536-3B813F4439BA}.Release|x64.Build.0 = Release|Any CPU
		{6B5D9420-6275-42CD-B536-3B813F4439BA}.Release|x86.ActiveCfg = Release|Any CPU
		{6B5D9420-6275-42CD-B536-3B813F4439BA}.Release|x86.Build.0 = Release|Any CPU
		{5F02C765-7003-4090-8595-F4EB24FD479D}.Debug|Any CPU.ActiveCfg = Debug|Any CPU
		{5F02C765-7003-4090-8595-F4EB24FD479D}.Debug|Any CPU.Build.0 = Debug|Any CPU
		{5F02C765-7003-4090-8595-F4EB24FD479D}.Debug|x64.ActiveCfg = Debug|Any CPU
		{5F02C765-7003-4090-8595-F4EB24FD479D}.Debug|x64.Build.0 = Debug|Any CPU
		{5F02C765-7003-4090-8595-F4EB24FD479D}.Debug|x86.ActiveCfg = Debug|Any CPU
		{5F02C765-7003-4090-8595-F4EB24FD479D}.Debug|x86.Build.0 = Debug|Any CPU
		{5F02C765-7003-4090-8595-F4EB24FD479D}.Release|Any CPU.ActiveCfg = Release|Any CPU
		{5F02C765-7003-4090-8595-F4EB24FD479D}.Release|Any CPU.Build.0 = Release|Any CPU
		{5F02C765-7003-4090-8595-F4EB24FD479D}.Release|x64.ActiveCfg = Release|Any CPU
		{5F02C765-7003-4090-8595-F4EB24FD479D}.Release|x64.Build.0 = Release|Any CPU
		{5F02C765-7003-4090-8595-F4EB24FD479D}.Release|x86.ActiveCfg = Release|Any CPU
		{5F02C765-7003-4090-8595-F4EB24FD479D}.Release|x86.Build.0 = Release|Any CPU
	EndGlobalSection
	GlobalSection(NestedProjects) = preSolution
		{6B5D9420-6275-42CD-B536-3B813F4439BA} = {BAF11475-4CB1-4F5A-8E28-200BA0A4E726}
		{5F02C765-7003-4090-8595-F4EB24FD479D} = {3DC96BF7-D618-4446-8CA0-B3A47EFCABF0}
	EndGlobalSection
EndGlobal
